
Microsoft Visual Studio Solution File, Format Version 12.00
# Visual Studio Version 17
VisualStudioVersion = 17.0.31903.59
MinimumVisualStudioVersion = 10.0.40219.1
Project("{9A19103F-16F7-4668-BE54-9A1E7A4F7556}") = "ConsoleApps", "Files.core\ConsoleApps.csproj", "{BA2CA5D5-FE95-42A8-BF7B-52D789D76E20}"
EndProject
Project("{9A19103F-16F7-4668-BE54-9A1E7A4F7556}") = "xUnit.tests", "programT.tests\xUnit.tests.csproj", "{FB84091B-CA7A-4DC8-AB88-A5CC3F09FC95}"
EndProject
Project("{9A19103F-16F7-4668-BE54-9A1E7A4F7556}") = "WebApp", "WebApplication\WebApp.csproj", "{6774B065-A660-4309-9FCC-FE3BBEACD13C}"
EndProject
Project("{E24C65DC-7377-472B-9ABA-BC803B73C61A}") = "AngularFront(1)", "AngularFront\", "{C82D53BD-D54A-492C-9655-FB71D1C9E504}"
	ProjectSection(WebsiteProperties) = preProject
		TargetFrameworkMoniker = ".NETFramework,Version%3Dv4.8"
		Debug.AspNetCompiler.VirtualPath = "/localhost_50229"
		Debug.AspNetCompiler.PhysicalPath = "AngularFront\"
		Debug.AspNetCompiler.TargetPath = "PrecompiledWeb\localhost_50229\"
		Debug.AspNetCompiler.Updateable = "true"
		Debug.AspNetCompiler.ForceOverwrite = "true"
		Debug.AspNetCompiler.FixedNames = "false"
		Debug.AspNetCompiler.Debug = "True"
		Release.AspNetCompiler.VirtualPath = "/localhost_50229"
		Release.AspNetCompiler.PhysicalPath = "AngularFront\"
		Release.AspNetCompiler.TargetPath = "PrecompiledWeb\localhost_50229\"
		Release.AspNetCompiler.Updateable = "true"
		Release.AspNetCompiler.ForceOverwrite = "true"
		Release.AspNetCompiler.FixedNames = "false"
		Release.AspNetCompiler.Debug = "False"
		VWDPort = "50229"
		SlnRelativePath = "AngularFront\"
	EndProjectSection
EndProject
Global
	GlobalSection(SolutionConfigurationPlatforms) = preSolution
		Debug|Any CPU = Debug|Any CPU
		Release|Any CPU = Release|Any CPU
	EndGlobalSection
	GlobalSection(ProjectConfigurationPlatforms) = postSolution
		{BA2CA5D5-FE95-42A8-BF7B-52D789D76E20}.Debug|Any CPU.ActiveCfg = Debug|Any CPU
		{BA2CA5D5-FE95-42A8-BF7B-52D789D76E20}.Debug|Any CPU.Build.0 = Debug|Any CPU
		{BA2CA5D5-FE95-42A8-BF7B-52D789D76E20}.Release|Any CPU.ActiveCfg = Release|Any CPU
		{BA2CA5D5-FE95-42A8-BF7B-52D789D76E20}.Release|Any CPU.Build.0 = Release|Any CPU
		{FB84091B-CA7A-4DC8-AB88-A5CC3F09FC95}.Debug|Any CPU.ActiveCfg = Debug|Any CPU
		{FB84091B-CA7A-4DC8-AB88-A5CC3F09FC95}.Debug|Any CPU.Build.0 = Debug|Any CPU
		{FB84091B-CA7A-4DC8-AB88-A5CC3F09FC95}.Release|Any CPU.ActiveCfg = Release|Any CPU
		{FB84091B-CA7A-4DC8-AB88-A5CC3F09FC95}.Release|Any CPU.Build.0 = Release|Any CPU
		{6774B065-A660-4309-9FCC-FE3BBEACD13C}.Debug|Any CPU.ActiveCfg = Debug|Any CPU
		{6774B065-A660-4309-9FCC-FE3BBEACD13C}.Debug|Any CPU.Build.0 = Debug|Any CPU
		{6774B065-A660-4309-9FCC-FE3BBEACD13C}.Release|Any CPU.ActiveCfg = Release|Any CPU
		{6774B065-A660-4309-9FCC-FE3BBEACD13C}.Release|Any CPU.Build.0 = Release|Any CPU
		{C82D53BD-D54A-492C-9655-FB71D1C9E504}.Debug|Any CPU.ActiveCfg = Debug|Any CPU
		{C82D53BD-D54A-492C-9655-FB71D1C9E504}.Debug|Any CPU.Build.0 = Debug|Any CPU
		{C82D53BD-D54A-492C-9655-FB71D1C9E504}.Release|Any CPU.ActiveCfg = Debug|Any CPU
		{C82D53BD-D54A-492C-9655-FB71D1C9E504}.Release|Any CPU.Build.0 = Debug|Any CPU
	EndGlobalSection
	GlobalSection(SolutionProperties) = preSolution
		HideSolutionNode = FALSE
	EndGlobalSection
	GlobalSection(ExtensibilityGlobals) = postSolution
		SolutionGuid = {0228B7C2-173A-4E6D-87FA-59F67CC32904}
	EndGlobalSection
EndGlobal
